
Microsoft Visual Studio Solution File, Format Version 12.00
# Visual Studio Version 17
VisualStudioVersion = 17.3.32922.545
MinimumVisualStudioVersion = 10.0.40219.1
Project("{FAE04EC0-301F-11D3-BF4B-00C04F79EFBC}") = "CH23FactorialWithParallelExecution", "CH23FactorialWithParallelExecution\CH23FactorialWithParallelExecution.csproj", "{830196E3-51A1-4601-8B63-592B94BD92D9}"
EndProject
Global
	GlobalSection(SolutionConfigurationPlatforms) = preSolution
		Debug|Any CPU = Debug|Any CPU
		Release|Any CPU = Release|Any CPU
	EndGlobalSection
	GlobalSection(ProjectConfigurationPlatforms) = postSolution
		{830196E3-51A1-4601-8B63-592B94BD92D9}.Debug|Any CPU.ActiveCfg = Debug|Any CPU
		{830196E3-51A1-4601-8B63-592B94BD92D9}.Debug|Any CPU.Build.0 = Debug|Any CPU
		{830196E3-51A1-4601-8B63-592B94BD92D9}.Release|Any CPU.ActiveCfg = Release|Any CPU
		{830196E3-51A1-4601-8B63-592B94BD92D9}.Release|Any CPU.Build.0 = Release|Any CPU
	EndGlobalSection
	GlobalSection(SolutionProperties) = preSolution
		HideSolutionNode = FALSE
	EndGlobalSection
	GlobalSection(ExtensibilityGlobals) = postSolution
		SolutionGuid = {C1166F77-5A69-47C4-A011-22B5C1755116}
	EndGlobalSection
EndGlobal
