
Microsoft Visual Studio Solution File, Format Version 12.00
# Visual Studio Version 17
VisualStudioVersion = 17.3.32811.315
MinimumVisualStudioVersion = 10.0.40219.1
Project("{FAE04EC0-301F-11D3-BF4B-00C04F79EFBC}") = "CH20AccountGrowthWithEvents", "CH20AccountGrowthWithEvents\CH20AccountGrowthWithEvents.csproj", "{36603212-B639-4681-AB76-2F59A7F729F0}"
EndProject
Global
	GlobalSection(SolutionConfigurationPlatforms) = preSolution
		Debug|Any CPU = Debug|Any CPU
		Release|Any CPU = Release|Any CPU
	EndGlobalSection
	GlobalSection(ProjectConfigurationPlatforms) = postSolution
		{36603212-B639-4681-AB76-2F59A7F729F0}.Debug|Any CPU.ActiveCfg = Debug|Any CPU
		{36603212-B639-4681-AB76-2F59A7F729F0}.Debug|Any CPU.Build.0 = Debug|Any CPU
		{36603212-B639-4681-AB76-2F59A7F729F0}.Release|Any CPU.ActiveCfg = Release|Any CPU
		{36603212-B639-4681-AB76-2F59A7F729F0}.Release|Any CPU.Build.0 = Release|Any CPU
	EndGlobalSection
	GlobalSection(SolutionProperties) = preSolution
		HideSolutionNode = FALSE
	EndGlobalSection
	GlobalSection(ExtensibilityGlobals) = postSolution
		SolutionGuid = {F07044DC-7B28-4D2D-A2C8-E54C9004AC70}
	EndGlobalSection
EndGlobal
