
Microsoft Visual Studio Solution File, Format Version 12.00
# Visual Studio Version 16
VisualStudioVersion = 25.0.1703.4
MinimumVisualStudioVersion = 10.0.40219.1
Project("{FAE04EC0-301F-11D3-BF4B-00C04F79EFBC}") = "CH21PayrollWithLINQ", "CH21PayrollWithLINQ\CH21PayrollWithLINQ.csproj", "{1BF53C64-D0A7-42BE-B1A0-3CE356F73206}"
EndProject
Global
	GlobalSection(SolutionConfigurationPlatforms) = preSolution
		Debug|Any CPU = Debug|Any CPU
		Release|Any CPU = Release|Any CPU
	EndGlobalSection
	GlobalSection(ProjectConfigurationPlatforms) = postSolution
		{1BF53C64-D0A7-42BE-B1A0-3CE356F73206}.Debug|Any CPU.ActiveCfg = Debug|Any CPU
		{1BF53C64-D0A7-42BE-B1A0-3CE356F73206}.Debug|Any CPU.Build.0 = Debug|Any CPU
		{1BF53C64-D0A7-42BE-B1A0-3CE356F73206}.Release|Any CPU.ActiveCfg = Release|Any CPU
		{1BF53C64-D0A7-42BE-B1A0-3CE356F73206}.Release|Any CPU.Build.0 = Release|Any CPU
	EndGlobalSection
	GlobalSection(SolutionProperties) = preSolution
		HideSolutionNode = FALSE
	EndGlobalSection
	GlobalSection(ExtensibilityGlobals) = postSolution
		SolutionGuid = {4CFC7059-145F-4BC7-A549-ED73A4974B2E}
	EndGlobalSection
EndGlobal
