
Microsoft Visual Studio Solution File, Format Version 12.00
# Visual Studio Version 16
VisualStudioVersion = 25.0.1703.4
MinimumVisualStudioVersion = 10.0.40219.1
Project("{FAE04EC0-301F-11D3-BF4B-00C04F79EFBC}") = "M1CompetencyBankingAccount", "M1CompetencyBankingAccount\M1CompetencyBankingAccount.csproj", "{B4674E54-FA5E-4960-9E26-D8F0486913FB}"
EndProject
Project("{FAE04EC0-301F-11D3-BF4B-00C04F79EFBC}") = "UnitTests", "UnitTests\UnitTests.csproj", "{5B406B79-5FC0-493C-94B7-126D630C0F85}"
EndProject
Global
	GlobalSection(SolutionConfigurationPlatforms) = preSolution
		Debug|Any CPU = Debug|Any CPU
		Release|Any CPU = Release|Any CPU
	EndGlobalSection
	GlobalSection(ProjectConfigurationPlatforms) = postSolution
		{B4674E54-FA5E-4960-9E26-D8F0486913FB}.Debug|Any CPU.ActiveCfg = Debug|Any CPU
		{B4674E54-FA5E-4960-9E26-D8F0486913FB}.Debug|Any CPU.Build.0 = Debug|Any CPU
		{B4674E54-FA5E-4960-9E26-D8F0486913FB}.Release|Any CPU.ActiveCfg = Release|Any CPU
		{B4674E54-FA5E-4960-9E26-D8F0486913FB}.Release|Any CPU.Build.0 = Release|Any CPU
		{5B406B79-5FC0-493C-94B7-126D630C0F85}.Debug|Any CPU.ActiveCfg = Debug|Any CPU
		{5B406B79-5FC0-493C-94B7-126D630C0F85}.Debug|Any CPU.Build.0 = Debug|Any CPU
		{5B406B79-5FC0-493C-94B7-126D630C0F85}.Release|Any CPU.ActiveCfg = Release|Any CPU
		{5B406B79-5FC0-493C-94B7-126D630C0F85}.Release|Any CPU.Build.0 = Release|Any CPU
	EndGlobalSection
	GlobalSection(SolutionProperties) = preSolution
		HideSolutionNode = FALSE
	EndGlobalSection
	GlobalSection(ExtensibilityGlobals) = postSolution
		SolutionGuid = {A801007A-CBA4-468E-9A2B-F412BED5CF43}
	EndGlobalSection
EndGlobal
