
Microsoft Visual Studio Solution File, Format Version 12.00
# Visual Studio Version 17
VisualStudioVersion = 17.3.32922.545
MinimumVisualStudioVersion = 10.0.40219.1
Project("{FAE04EC0-301F-11D3-BF4B-00C04F79EFBC}") = "CH23RRollingDiceWithTasks", "CH23RRollingDiceWithTasks\CH23RRollingDiceWithTasks.csproj", "{CCDD6065-8B8A-48AA-8429-524058C9E5FF}"
EndProject
Global
	GlobalSection(SolutionConfigurationPlatforms) = preSolution
		Debug|Any CPU = Debug|Any CPU
		Release|Any CPU = Release|Any CPU
	EndGlobalSection
	GlobalSection(ProjectConfigurationPlatforms) = postSolution
		{CCDD6065-8B8A-48AA-8429-524058C9E5FF}.Debug|Any CPU.ActiveCfg = Debug|Any CPU
		{CCDD6065-8B8A-48AA-8429-524058C9E5FF}.Debug|Any CPU.Build.0 = Debug|Any CPU
		{CCDD6065-8B8A-48AA-8429-524058C9E5FF}.Release|Any CPU.ActiveCfg = Release|Any CPU
		{CCDD6065-8B8A-48AA-8429-524058C9E5FF}.Release|Any CPU.Build.0 = Release|Any CPU
	EndGlobalSection
	GlobalSection(SolutionProperties) = preSolution
		HideSolutionNode = FALSE
	EndGlobalSection
	GlobalSection(ExtensibilityGlobals) = postSolution
		SolutionGuid = {509CB021-88BE-4A98-B708-903302EF550E}
	EndGlobalSection
EndGlobal
