
Microsoft Visual Studio Solution File, Format Version 12.00
# Visual Studio Version 16
VisualStudioVersion = 25.0.1703.4
MinimumVisualStudioVersion = 10.0.40219.1
Project("{FAE04EC0-301F-11D3-BF4B-00C04F79EFBC}") = "CH21LettersAndLINQ", "CH21LettersAndLINQ\CH21LettersAndLINQ.csproj", "{1F433C92-D42C-42EF-9ED2-A22ED8AA5C92}"
EndProject
Global
	GlobalSection(SolutionConfigurationPlatforms) = preSolution
		Debug|Any CPU = Debug|Any CPU
		Release|Any CPU = Release|Any CPU
	EndGlobalSection
	GlobalSection(ProjectConfigurationPlatforms) = postSolution
		{1F433C92-D42C-42EF-9ED2-A22ED8AA5C92}.Debug|Any CPU.ActiveCfg = Debug|Any CPU
		{1F433C92-D42C-42EF-9ED2-A22ED8AA5C92}.Debug|Any CPU.Build.0 = Debug|Any CPU
		{1F433C92-D42C-42EF-9ED2-A22ED8AA5C92}.Release|Any CPU.ActiveCfg = Release|Any CPU
		{1F433C92-D42C-42EF-9ED2-A22ED8AA5C92}.Release|Any CPU.Build.0 = Release|Any CPU
	EndGlobalSection
	GlobalSection(SolutionProperties) = preSolution
		HideSolutionNode = FALSE
	EndGlobalSection
	GlobalSection(ExtensibilityGlobals) = postSolution
		SolutionGuid = {E0DD0B8A-A4BA-4144-AFC9-61704A724A19}
	EndGlobalSection
EndGlobal
