
Microsoft Visual Studio Solution File, Format Version 12.00
# Visual Studio Version 16
VisualStudioVersion = 16.0.31729.503
MinimumVisualStudioVersion = 10.0.40219.1
Project("{FAE04EC0-301F-11D3-BF4B-00C04F79EFBC}") = "M4Competency", "M4Competency\M4Competency.csproj", "{3ECA8435-E1AD-4534-9F4E-F17B533650D8}"
EndProject
Global
	GlobalSection(SolutionConfigurationPlatforms) = preSolution
		Debug|Any CPU = Debug|Any CPU
		Release|Any CPU = Release|Any CPU
	EndGlobalSection
	GlobalSection(ProjectConfigurationPlatforms) = postSolution
		{3ECA8435-E1AD-4534-9F4E-F17B533650D8}.Debug|Any CPU.ActiveCfg = Debug|Any CPU
		{3ECA8435-E1AD-4534-9F4E-F17B533650D8}.Debug|Any CPU.Build.0 = Debug|Any CPU
		{3ECA8435-E1AD-4534-9F4E-F17B533650D8}.Release|Any CPU.ActiveCfg = Release|Any CPU
		{3ECA8435-E1AD-4534-9F4E-F17B533650D8}.Release|Any CPU.Build.0 = Release|Any CPU
	EndGlobalSection
	GlobalSection(SolutionProperties) = preSolution
		HideSolutionNode = FALSE
	EndGlobalSection
	GlobalSection(ExtensibilityGlobals) = postSolution
		SolutionGuid = {39A0D3FF-1177-4101-BFA2-C53C15F02B72}
	EndGlobalSection
EndGlobal
